[[package]]
name = "alsa"
version = "0.2.0"
source = "registry+https://github.com/rust-lang/crates.io-index"
dependencies = [
 "alsa-sys 0.1.2 (registry+https://github.com/rust-lang/crates.io-index)",
 "bitflags 0.9.1 (registry+https://github.com/rust-lang/crates.io-index)",
 "libc 0.2.43 (registry+https://github.com/rust-lang/crates.io-index)",
 "nix 0.9.0 (registry+https://github.com/rust-lang/crates.io-index)",
]

[[package]]
name = "alsa-sys"
version = "0.1.2"
source = "registry+https://github.com/rust-lang/crates.io-index"
dependencies = [
 "libc 0.2.43 (registry+https://github.com/rust-lang/crates.io-index)",
 "pkg-config 0.3.12 (registry+https://github.com/rust-lang/crates.io-index)",
]

[[package]]
name = "atk-sys"
version = "0.6.0"
source = "registry+https://github.com/rust-lang/crates.io-index"
dependencies = [
 "bitflags 1.0.3 (registry+https://github.com/rust-lang/crates.io-index)",
 "glib-sys 0.6.0 (registry+https://github.com/rust-lang/crates.io-index)",
 "gobject-sys 0.6.0 (registry+https://github.com/rust-lang/crates.io-index)",
 "libc 0.2.43 (registry+https://github.com/rust-lang/crates.io-index)",
 "pkg-config 0.3.12 (registry+https://github.com/rust-lang/crates.io-index)",
]

[[package]]
name = "bitflags"
version = "0.9.1"
source = "registry+https://github.com/rust-lang/crates.io-index"

[[package]]
name = "bitflags"
version = "1.0.3"
source = "registry+https://github.com/rust-lang/crates.io-index"

[[package]]
name = "c_vec"
version = "1.2.1"
source = "registry+https://github.com/rust-lang/crates.io-index"

[[package]]
name = "cairo-rs"
version = "0.4.1"
source = "registry+https://github.com/rust-lang/crates.io-index"
dependencies = [
 "c_vec 1.2.1 (registry+https://github.com/rust-lang/crates.io-index)",
 "cairo-sys-rs 0.6.0 (registry+https://github.com/rust-lang/crates.io-index)",
 "glib 0.5.0 (registry+https://github.com/rust-lang/crates.io-index)",
 "glib-sys 0.6.0 (registry+https://github.com/rust-lang/crates.io-index)",
 "libc 0.2.43 (registry+https://github.com/rust-lang/crates.io-index)",
]

[[package]]
name = "cairo-sys-rs"
version = "0.6.0"
source = "registry+https://github.com/rust-lang/crates.io-index"
dependencies = [
 "libc 0.2.43 (registry+https://github.com/rust-lang/crates.io-index)",
 "pkg-config 0.3.12 (registry+https://github.com/rust-lang/crates.io-index)",
 "winapi 0.3.5 (registry+https://github.com/rust-lang/crates.io-index)",
]

[[package]]
name = "cc"
version = "1.0.18"
source = "registry+https://github.com/rust-lang/crates.io-index"

[[package]]
name = "cfg-if"
version = "0.1.5"
source = "registry+https://github.com/rust-lang/crates.io-index"

[[package]]
name = "chrono"
version = "0.4.6"
source = "registry+https://github.com/rust-lang/crates.io-index"
dependencies = [
 "num-integer 0.1.39 (registry+https://github.com/rust-lang/crates.io-index)",
 "num-traits 0.2.5 (registry+https://github.com/rust-lang/crates.io-index)",
 "time 0.1.40 (registry+https://github.com/rust-lang/crates.io-index)",
]

[[package]]
name = "dirs"
version = "1.0.3"
source = "registry+https://github.com/rust-lang/crates.io-index"
dependencies = [
 "libc 0.2.43 (registry+https://github.com/rust-lang/crates.io-index)",
 "winapi 0.3.5 (registry+https://github.com/rust-lang/crates.io-index)",
]

[[package]]
name = "gdk"
version = "0.8.0"
source = "registry+https://github.com/rust-lang/crates.io-index"
dependencies = [
 "bitflags 1.0.3 (registry+https://github.com/rust-lang/crates.io-index)",
 "cairo-rs 0.4.1 (registry+https://github.com/rust-lang/crates.io-index)",
 "cairo-sys-rs 0.6.0 (registry+https://github.com/rust-lang/crates.io-index)",
 "gdk-pixbuf 0.4.0 (registry+https://github.com/rust-lang/crates.io-index)",
 "gdk-sys 0.6.0 (registry+https://github.com/rust-lang/crates.io-index)",
 "gio 0.4.1 (registry+https://github.com/rust-lang/crates.io-index)",
 "glib 0.5.0 (registry+https://github.com/rust-lang/crates.io-index)",
 "glib-sys 0.6.0 (registry+https://github.com/rust-lang/crates.io-index)",
 "gobject-sys 0.6.0 (registry+https://github.com/rust-lang/crates.io-index)",
 "libc 0.2.43 (registry+https://github.com/rust-lang/crates.io-index)",
 "pango 0.4.0 (registry+https://github.com/rust-lang/crates.io-index)",
]

[[package]]
name = "gdk-pixbuf"
version = "0.4.0"
source = "registry+https://github.com/rust-lang/crates.io-index"
dependencies = [
 "gdk-pixbuf-sys 0.6.0 (registry+https://github.com/rust-lang/crates.io-index)",
 "gio 0.4.1 (registry+https://github.com/rust-lang/crates.io-index)",
 "gio-sys 0.6.0 (registry+https://github.com/rust-lang/crates.io-index)",
 "glib 0.5.0 (registry+https://github.com/rust-lang/crates.io-index)",
 "glib-sys 0.6.0 (registry+https://github.com/rust-lang/crates.io-index)",
 "gobject-sys 0.6.0 (registry+https://github.com/rust-lang/crates.io-index)",
 "libc 0.2.43 (registry+https://github.com/rust-lang/crates.io-index)",
]

[[package]]
name = "gdk-pixbuf-sys"
version = "0.6.0"
source = "registry+https://github.com/rust-lang/crates.io-index"
dependencies = [
 "bitflags 1.0.3 (registry+https://github.com/rust-lang/crates.io-index)",
 "gio-sys 0.6.0 (registry+https://github.com/rust-lang/crates.io-index)",
 "glib-sys 0.6.0 (registry+https://github.com/rust-lang/crates.io-index)",
 "gobject-sys 0.6.0 (registry+https://github.com/rust-lang/crates.io-index)",
 "libc 0.2.43 (registry+https://github.com/rust-lang/crates.io-index)",
 "pkg-config 0.3.12 (registry+https://github.com/rust-lang/crates.io-index)",
]

[[package]]
name = "gdk-sys"
version = "0.6.0"
source = "registry+https://github.com/rust-lang/crates.io-index"
dependencies = [
 "bitflags 1.0.3 (registry+https://github.com/rust-lang/crates.io-index)",
 "cairo-sys-rs 0.6.0 (registry+https://github.com/rust-lang/crates.io-index)",
 "gdk-pixbuf-sys 0.6.0 (registry+https://github.com/rust-lang/crates.io-index)",
 "gio-sys 0.6.0 (registry+https://github.com/rust-lang/crates.io-index)",
 "glib-sys 0.6.0 (registry+https://github.com/rust-lang/crates.io-index)",
 "gobject-sys 0.6.0 (registry+https://github.com/rust-lang/crates.io-index)",
 "libc 0.2.43 (registry+https://github.com/rust-lang/crates.io-index)",
 "pango-sys 0.6.0 (registry+https://github.com/rust-lang/crates.io-index)",
 "pkg-config 0.3.12 (registry+https://github.com/rust-lang/crates.io-index)",
]

[[package]]
name = "gio"
version = "0.4.1"
source = "registry+https://github.com/rust-lang/crates.io-index"
dependencies = [
 "bitflags 1.0.3 (registry+https://github.com/rust-lang/crates.io-index)",
 "gio-sys 0.6.0 (registry+https://github.com/rust-lang/crates.io-index)",
 "glib 0.5.0 (registry+https://github.com/rust-lang/crates.io-index)",
 "glib-sys 0.6.0 (registry+https://github.com/rust-lang/crates.io-index)",
 "gobject-sys 0.6.0 (registry+https://github.com/rust-lang/crates.io-index)",
 "lazy_static 1.1.0 (registry+https://github.com/rust-lang/crates.io-index)",
 "libc 0.2.43 (registry+https://github.com/rust-lang/crates.io-index)",
]

[[package]]
name = "gio-sys"
version = "0.6.0"
source = "registry+https://github.com/rust-lang/crates.io-index"
dependencies = [
 "bitflags 1.0.3 (registry+https://github.com/rust-lang/crates.io-index)",
 "glib-sys 0.6.0 (registry+https://github.com/rust-lang/crates.io-index)",
 "gobject-sys 0.6.0 (registry+https://github.com/rust-lang/crates.io-index)",
 "libc 0.2.43 (registry+https://github.com/rust-lang/crates.io-index)",
 "pkg-config 0.3.12 (registry+https://github.com/rust-lang/crates.io-index)",
]

[[package]]
name = "glib"
version = "0.5.0"
source = "registry+https://github.com/rust-lang/crates.io-index"
dependencies = [
 "bitflags 1.0.3 (registry+https://github.com/rust-lang/crates.io-index)",
 "glib-sys 0.6.0 (registry+https://github.com/rust-lang/crates.io-index)",
 "gobject-sys 0.6.0 (registry+https://github.com/rust-lang/crates.io-index)",
 "lazy_static 1.1.0 (registry+https://github.com/rust-lang/crates.io-index)",
 "libc 0.2.43 (registry+https://github.com/rust-lang/crates.io-index)",
]

[[package]]
name = "glib-sys"
version = "0.6.0"
source = "registry+https://github.com/rust-lang/crates.io-index"
dependencies = [
 "bitflags 1.0.3 (registry+https://github.com/rust-lang/crates.io-index)",
 "libc 0.2.43 (registry+https://github.com/rust-lang/crates.io-index)",
 "pkg-config 0.3.12 (registry+https://github.com/rust-lang/crates.io-index)",
]

[[package]]
name = "gobject-sys"
version = "0.6.0"
source = "registry+https://github.com/rust-lang/crates.io-index"
dependencies = [
 "bitflags 1.0.3 (registry+https://github.com/rust-lang/crates.io-index)",
 "glib-sys 0.6.0 (registry+https://github.com/rust-lang/crates.io-index)",
 "libc 0.2.43 (registry+https://github.com/rust-lang/crates.io-index)",
 "pkg-config 0.3.12 (registry+https://github.com/rust-lang/crates.io-index)",
]

[[package]]
name = "gtk"
version = "0.4.1"
source = "registry+https://github.com/rust-lang/crates.io-index"
dependencies = [
 "bitflags 1.0.3 (registry+https://github.com/rust-lang/crates.io-index)",
 "cairo-rs 0.4.1 (registry+https://github.com/rust-lang/crates.io-index)",
 "cairo-sys-rs 0.6.0 (registry+https://github.com/rust-lang/crates.io-index)",
 "cc 1.0.18 (registry+https://github.com/rust-lang/crates.io-index)",
 "gdk 0.8.0 (registry+https://github.com/rust-lang/crates.io-index)",
 "gdk-pixbuf 0.4.0 (registry+https://github.com/rust-lang/crates.io-index)",
 "gdk-pixbuf-sys 0.6.0 (registry+https://github.com/rust-lang/crates.io-index)",
 "gdk-sys 0.6.0 (registry+https://github.com/rust-lang/crates.io-index)",
 "gio 0.4.1 (registry+https://github.com/rust-lang/crates.io-index)",
 "gio-sys 0.6.0 (registry+https://github.com/rust-lang/crates.io-index)",
 "glib 0.5.0 (registry+https://github.com/rust-lang/crates.io-index)",
 "glib-sys 0.6.0 (registry+https://github.com/rust-lang/crates.io-index)",
 "gobject-sys 0.6.0 (registry+https://github.com/rust-lang/crates.io-index)",
 "gtk-sys 0.6.0 (registry+https://github.com/rust-lang/crates.io-index)",
 "lazy_static 1.1.0 (registry+https://github.com/rust-lang/crates.io-index)",
 "libc 0.2.43 (registry+https://github.com/rust-lang/crates.io-index)",
 "pango 0.4.0 (registry+https://github.com/rust-lang/crates.io-index)",
]

[[package]]
name = "gtk-sys"
version = "0.6.0"
source = "registry+https://github.com/rust-lang/crates.io-index"
dependencies = [
 "atk-sys 0.6.0 (registry+https://github.com/rust-lang/crates.io-index)",
 "bitflags 1.0.3 (registry+https://github.com/rust-lang/crates.io-index)",
 "cairo-sys-rs 0.6.0 (registry+https://github.com/rust-lang/crates.io-index)",
 "gdk-pixbuf-sys 0.6.0 (registry+https://github.com/rust-lang/crates.io-index)",
 "gdk-sys 0.6.0 (registry+https://github.com/rust-lang/crates.io-index)",
 "gio-sys 0.6.0 (registry+https://github.com/rust-lang/crates.io-index)",
 "glib-sys 0.6.0 (registry+https://github.com/rust-lang/crates.io-index)",
 "gobject-sys 0.6.0 (registry+https://github.com/rust-lang/crates.io-index)",
 "libc 0.2.43 (registry+https://github.com/rust-lang/crates.io-index)",
 "pango-sys 0.6.0 (registry+https://github.com/rust-lang/crates.io-index)",
 "pkg-config 0.3.12 (registry+https://github.com/rust-lang/crates.io-index)",
]

[[package]]
name = "lazy_static"
version = "1.1.0"
source = "registry+https://github.com/rust-lang/crates.io-index"
dependencies = [
 "version_check 0.1.4 (registry+https://github.com/rust-lang/crates.io-index)",
]

[[package]]
name = "libc"
version = "0.2.43"
source = "registry+https://github.com/rust-lang/crates.io-index"

[[package]]
name = "log"
version = "0.4.5"
source = "registry+https://github.com/rust-lang/crates.io-index"
dependencies = [
 "cfg-if 0.1.5 (registry+https://github.com/rust-lang/crates.io-index)",
]

[[package]]
name = "nix"
version = "0.9.0"
source = "registry+https://github.com/rust-lang/crates.io-index"
dependencies = [
 "bitflags 0.9.1 (registry+https://github.com/rust-lang/crates.io-index)",
 "cfg-if 0.1.5 (registry+https://github.com/rust-lang/crates.io-index)",
 "libc 0.2.43 (registry+https://github.com/rust-lang/crates.io-index)",
 "void 1.0.2 (registry+https://github.com/rust-lang/crates.io-index)",
]

[[package]]
name = "num-integer"
version = "0.1.39"
source = "registry+https://github.com/rust-lang/crates.io-index"
dependencies = [
 "num-traits 0.2.5 (registry+https://github.com/rust-lang/crates.io-index)",
]

[[package]]
name = "num-traits"
version = "0.2.5"
source = "registry+https://github.com/rust-lang/crates.io-index"

[[package]]
name = "pango"
version = "0.4.0"
source = "registry+https://github.com/rust-lang/crates.io-index"
dependencies = [
 "bitflags 1.0.3 (registry+https://github.com/rust-lang/crates.io-index)",
 "glib 0.5.0 (registry+https://github.com/rust-lang/crates.io-index)",
 "glib-sys 0.6.0 (registry+https://github.com/rust-lang/crates.io-index)",
 "gobject-sys 0.6.0 (registry+https://github.com/rust-lang/crates.io-index)",
 "libc 0.2.43 (registry+https://github.com/rust-lang/crates.io-index)",
 "pango-sys 0.6.0 (registry+https://github.com/rust-lang/crates.io-index)",
]

[[package]]
name = "pango-sys"
version = "0.6.0"
source = "registry+https://github.com/rust-lang/crates.io-index"
dependencies = [
 "bitflags 1.0.3 (registry+https://github.com/rust-lang/crates.io-index)",
 "glib-sys 0.6.0 (registry+https://github.com/rust-lang/crates.io-index)",
 "gobject-sys 0.6.0 (registry+https://github.com/rust-lang/crates.io-index)",
 "libc 0.2.43 (registry+https://github.com/rust-lang/crates.io-index)",
 "pkg-config 0.3.12 (registry+https://github.com/rust-lang/crates.io-index)",
]

[[package]]
name = "perspektiv"
version = "0.1.0"
dependencies = [
 "alsa 0.2.0 (registry+https://github.com/rust-lang/crates.io-index)",
 "dirs 1.0.3 (registry+https://github.com/rust-lang/crates.io-index)",
 "gdk 0.8.0 (registry+https://github.com/rust-lang/crates.io-index)",
 "gdk-sys 0.6.0 (registry+https://github.com/rust-lang/crates.io-index)",
 "glib 0.5.0 (registry+https://github.com/rust-lang/crates.io-index)",
 "gtk 0.4.1 (registry+https://github.com/rust-lang/crates.io-index)",
 "lazy_static 1.1.0 (registry+https://github.com/rust-lang/crates.io-index)",
 "libc 0.2.43 (registry+https://github.com/rust-lang/crates.io-index)",
 "log 0.4.5 (registry+https://github.com/rust-lang/crates.io-index)",
 "serde 1.0.70 (registry+https://github.com/rust-lang/crates.io-index)",
 "serde_derive 1.0.70 (registry+https://github.com/rust-lang/crates.io-index)",
 "stderrlog 0.4.1 (registry+https://github.com/rust-lang/crates.io-index)",
 "threlm 0.1.0",
 "toml 0.4.6 (registry+https://github.com/rust-lang/crates.io-index)",
 "x11 2.18.1 (registry+https://github.com/rust-lang/crates.io-index)",
]

[[package]]
name = "pkg-config"
version = "0.3.12"
source = "registry+https://github.com/rust-lang/crates.io-index"

[[package]]
name = "proc-macro2"
version = "0.4.9"
source = "registry+https://github.com/rust-lang/crates.io-index"
dependencies = [
 "unicode-xid 0.1.0 (registry+https://github.com/rust-lang/crates.io-index)",
]

[[package]]
name = "quote"
version = "0.6.4"
source = "registry+https://github.com/rust-lang/crates.io-index"
dependencies = [
 "proc-macro2 0.4.9 (registry+https://github.com/rust-lang/crates.io-index)",
]

[[package]]
name = "redox_syscall"
version = "0.1.40"
source = "registry+https://github.com/rust-lang/crates.io-index"

[[package]]
name = "serde"
version = "1.0.70"
source = "registry+https://github.com/rust-lang/crates.io-index"

[[package]]
name = "serde_derive"
version = "1.0.70"
source = "registry+https://github.com/rust-lang/crates.io-index"
dependencies = [
 "proc-macro2 0.4.9 (registry+https://github.com/rust-lang/crates.io-index)",
 "quote 0.6.4 (registry+https://github.com/rust-lang/crates.io-index)",
 "syn 0.14.5 (registry+https://github.com/rust-lang/crates.io-index)",
]

[[package]]
name = "stderrlog"
version = "0.4.1"
source = "registry+https://github.com/rust-lang/crates.io-index"
dependencies = [
 "chrono 0.4.6 (registry+https://github.com/rust-lang/crates.io-index)",
 "log 0.4.5 (registry+https://github.com/rust-lang/crates.io-index)",
 "termcolor 0.3.6 (registry+https://github.com/rust-lang/crates.io-index)",
 "thread_local 0.3.6 (registry+https://github.com/rust-lang/crates.io-index)",
]

[[package]]
name = "syn"
version = "0.14.5"
source = "registry+https://github.com/rust-lang/crates.io-index"
dependencies = [
 "proc-macro2 0.4.9 (registry+https://github.com/rust-lang/crates.io-index)",
 "quote 0.6.4 (registry+https://github.com/rust-lang/crates.io-index)",
 "unicode-xid 0.1.0 (registry+https://github.com/rust-lang/crates.io-index)",
]

[[package]]
name = "termcolor"
version = "0.3.6"
source = "registry+https://github.com/rust-lang/crates.io-index"
dependencies = [
 "wincolor 0.1.6 (registry+https://github.com/rust-lang/crates.io-index)",
]

[[package]]
name = "thread_local"
version = "0.3.6"
source = "registry+https://github.com/rust-lang/crates.io-index"
dependencies = [
 "lazy_static 1.1.0 (registry+https://github.com/rust-lang/crates.io-index)",
]

[[package]]
name = "threlm"
version = "0.1.0"
dependencies = [
 "glib 0.5.0 (registry+https://github.com/rust-lang/crates.io-index)",
 "gtk 0.4.1 (registry+https://github.com/rust-lang/crates.io-index)",
]

[[package]]
name = "time"
version = "0.1.40"
source = "registry+https://github.com/rust-lang/crates.io-index"
dependencies = [
 "libc 0.2.43 (registry+https://github.com/rust-lang/crates.io-index)",
 "redox_syscall 0.1.40 (registry+https://github.com/rust-lang/crates.io-index)",
 "winapi 0.3.5 (registry+https://github.com/rust-lang/crates.io-index)",
]

[[package]]
name = "toml"
version = "0.4.6"
source = "registry+https://github.com/rust-lang/crates.io-index"
dependencies = [
 "serde 1.0.70 (registry+https://github.com/rust-lang/crates.io-index)",
]

[[package]]
name = "unicode-xid"
version = "0.1.0"
source = "registry+https://github.com/rust-lang/crates.io-index"

[[package]]
name = "version_check"
version = "0.1.4"
source = "registry+https://github.com/rust-lang/crates.io-index"

[[package]]
name = "void"
version = "1.0.2"
source = "registry+https://github.com/rust-lang/crates.io-index"

[[package]]
name = "winapi"
version = "0.3.5"
source = "registry+https://github.com/rust-lang/crates.io-index"
dependencies = [
 "winapi-i686-pc-windows-gnu 0.4.0 (registry+https://github.com/rust-lang/crates.io-index)",
 "winapi-x86_64-pc-windows-gnu 0.4.0 (registry+https://github.com/rust-lang/crates.io-index)",
]

[[package]]
name = "winapi-i686-pc-windows-gnu"
version = "0.4.0"
source = "registry+https://github.com/rust-lang/crates.io-index"

[[package]]
name = "winapi-x86_64-pc-windows-gnu"
version = "0.4.0"
source = "registry+https://github.com/rust-lang/crates.io-index"

[[package]]
name = "wincolor"
version = "0.1.6"
source = "registry+https://github.com/rust-lang/crates.io-index"
dependencies = [
 "winapi 0.3.5 (registry+https://github.com/rust-lang/crates.io-index)",
]

[[package]]
name = "x11"
version = "2.18.1"
source = "registry+https://github.com/rust-lang/crates.io-index"
dependencies = [
 "libc 0.2.43 (registry+https://github.com/rust-lang/crates.io-index)",
 "pkg-config 0.3.12 (registry+https://github.com/rust-lang/crates.io-index)",
]

[metadata]
"checksum alsa 0.2.0 (registry+https://github.com/rust-lang/crates.io-index)" = "fe0820f7fc33380123dcd5deaadbc4467d56b6cecb60e5d80d6cd523a9664adc"
"checksum alsa-sys 0.1.2 (registry+https://github.com/rust-lang/crates.io-index)" = "b0edcbbf9ef68f15ae1b620f722180b82a98b6f0628d30baa6b8d2a5abc87d58"
"checksum atk-sys 0.6.0 (registry+https://github.com/rust-lang/crates.io-index)" = "f8dc233521f7bffd3042c31082ea71bd08820abf44bac938fb36591e20f76f39"
"checksum bitflags 0.9.1 (registry+https://github.com/rust-lang/crates.io-index)" = "4efd02e230a02e18f92fc2735f44597385ed02ad8f831e7c1c1156ee5e1ab3a5"
"checksum bitflags 1.0.3 (registry+https://github.com/rust-lang/crates.io-index)" = "d0c54bb8f454c567f21197eefcdbf5679d0bd99f2ddbe52e84c77061952e6789"
"checksum c_vec 1.2.1 (registry+https://github.com/rust-lang/crates.io-index)" = "6237ac5a4b1e81c213c24c6437964c61e646df910a914b4ab1487b46df20bd13"
"checksum cairo-rs 0.4.1 (registry+https://github.com/rust-lang/crates.io-index)" = "a110f269c2fd382df5fe8bd46dfa5f1b83608aa717fecb6e7a28c08c202f0e13"
"checksum cairo-sys-rs 0.6.0 (registry+https://github.com/rust-lang/crates.io-index)" = "0395175ecba60accac076a02c31d143b9dcd9d5eb5316d7163a3273803b765c7"
"checksum cc 1.0.18 (registry+https://github.com/rust-lang/crates.io-index)" = "2119ea4867bd2b8ed3aecab467709720b2d55b1bcfe09f772fd68066eaf15275"
"checksum cfg-if 0.1.5 (registry+https://github.com/rust-lang/crates.io-index)" = "0c4e7bb64a8ebb0d856483e1e682ea3422f883c5f5615a90d51a2c82fe87fdd3"
"checksum chrono 0.4.6 (registry+https://github.com/rust-lang/crates.io-index)" = "45912881121cb26fad7c38c17ba7daa18764771836b34fab7d3fbd93ed633878"
"checksum dirs 1.0.3 (registry+https://github.com/rust-lang/crates.io-index)" = "f679c09c1cf5428702cc10f6846c56e4e23420d3a88bcc9335b17c630a7b710b"
"checksum gdk 0.8.0 (registry+https://github.com/rust-lang/crates.io-index)" = "dd30051ff3d908ff2fc7e5776ffe1c699821e043809f294c3a61004f11d6c3a9"
"checksum gdk-pixbuf 0.4.0 (registry+https://github.com/rust-lang/crates.io-index)" = "c2d2199eba47ebcb9977ce28179649bdd59305ef465c4e6f9b65aaa41c24e6b5"
"checksum gdk-pixbuf-sys 0.6.0 (registry+https://github.com/rust-lang/crates.io-index)" = "df6a3b73e04fafc07f5ebc083f1096a773412e627828e1103a55e921f81187d8"
"checksum gdk-sys 0.6.0 (registry+https://github.com/rust-lang/crates.io-index)" = "3162ff940526ddff71bf1f630facee6b5e05d282d125ba0c4c803842819b80c3"
"checksum gio 0.4.1 (registry+https://github.com/rust-lang/crates.io-index)" = "2db9fad8f1b0d4c7338a210a6cbdf081dcc1a3c223718c698c4f313f6c288acb"
"checksum gio-sys 0.6.0 (registry+https://github.com/rust-lang/crates.io-index)" = "2a57872499171d279f8577ce83837da4cae62b08dd32892236ed67ab7ea61030"
"checksum glib 0.5.0 (registry+https://github.com/rust-lang/crates.io-index)" = "5e0be1b1432e227bcd1a9b28db9dc1474a7e7fd4227e08e16f35304f32d09b61"
"checksum glib-sys 0.6.0 (registry+https://github.com/rust-lang/crates.io-index)" = "615bef979b5838526aee99241afc80cfb2e34a8735d4bcb8ec6072598c18a408"
"checksum gobject-sys 0.6.0 (registry+https://github.com/rust-lang/crates.io-index)" = "70409d6405db8b1591602fcd0cbe8af52cd9976dd39194442b4c149ba343f86d"
"checksum gtk 0.4.1 (registry+https://github.com/rust-lang/crates.io-index)" = "d695d6be4110618a97c19cd068e8a00e53e33b87e3c65cdc5397667498b1bc24"
"checksum gtk-sys 0.6.0 (registry+https://github.com/rust-lang/crates.io-index)" = "3d9554cf5b3a85a13fb39258c65b04b262989c1d7a758f8f555b77a478621a91"
"checksum lazy_static 1.1.0 (registry+https://github.com/rust-lang/crates.io-index)" = "ca488b89a5657b0a2ecd45b95609b3e848cf1755da332a0da46e2b2b1cb371a7"
"checksum libc 0.2.43 (registry+https://github.com/rust-lang/crates.io-index)" = "76e3a3ef172f1a0b9a9ff0dd1491ae5e6c948b94479a3021819ba7d860c8645d"
"checksum log 0.4.5 (registry+https://github.com/rust-lang/crates.io-index)" = "d4fcce5fa49cc693c312001daf1d13411c4a5283796bac1084299ea3e567113f"
"checksum nix 0.9.0 (registry+https://github.com/rust-lang/crates.io-index)" = "a2c5afeb0198ec7be8569d666644b574345aad2e95a53baf3a532da3e0f3fb32"
"checksum num-integer 0.1.39 (registry+https://github.com/rust-lang/crates.io-index)" = "e83d528d2677f0518c570baf2b7abdcf0cd2d248860b68507bdcb3e91d4c0cea"
"checksum num-traits 0.2.5 (registry+https://github.com/rust-lang/crates.io-index)" = "630de1ef5cc79d0cdd78b7e33b81f083cbfe90de0f4b2b2f07f905867c70e9fe"
"checksum pango 0.4.0 (registry+https://github.com/rust-lang/crates.io-index)" = "45374801e224373c3c0393cd48073c81093494c8735721e81d1dbaa4096b2767"
"checksum pango-sys 0.6.0 (registry+https://github.com/rust-lang/crates.io-index)" = "94039b3921a4af4058a3e4335e5d15099101f298a92f5afc40bab3a3027594a1"
"checksum pkg-config 0.3.12 (registry+https://github.com/rust-lang/crates.io-index)" = "6a52e4dbc8354505ee07e484ab07127e06d87ca6fa7f0a516a2b294e5ad5ad16"
"checksum proc-macro2 0.4.9 (registry+https://github.com/rust-lang/crates.io-index)" = "cccdc7557a98fe98453030f077df7f3a042052fae465bb61d2c2c41435cfd9b6"
"checksum quote 0.6.4 (registry+https://github.com/rust-lang/crates.io-index)" = "b71f9f575d55555aa9c06188be9d4e2bfc83ed02537948ac0d520c24d0419f1a"
"checksum redox_syscall 0.1.40 (registry+https://github.com/rust-lang/crates.io-index)" = "c214e91d3ecf43e9a4e41e578973adeb14b474f2bee858742d127af75a0112b1"
"checksum serde 1.0.70 (registry+https://github.com/rust-lang/crates.io-index)" = "0c3adf19c07af6d186d91dae8927b83b0553d07ca56cbf7f2f32560455c91920"
"checksum serde_derive 1.0.70 (registry+https://github.com/rust-lang/crates.io-index)" = "3525a779832b08693031b8ecfb0de81cd71cfd3812088fafe9a7496789572124"
"checksum stderrlog 0.4.1 (registry+https://github.com/rust-lang/crates.io-index)" = "61dc66b7ae72b65636dbf36326f9638fb3ba27871bb737a62e2c309b87d91b70"
"checksum syn 0.14.5 (registry+https://github.com/rust-lang/crates.io-index)" = "4bad7abdf6633f07c7046b90484f1d9dc055eca39f8c991177b1046ce61dba9a"
"checksum termcolor 0.3.6 (registry+https://github.com/rust-lang/crates.io-index)" = "adc4587ead41bf016f11af03e55a624c06568b5a19db4e90fde573d805074f83"
"checksum thread_local 0.3.6 (registry+https://github.com/rust-lang/crates.io-index)" = "c6b53e329000edc2b34dbe8545fd20e55a333362d0a321909685a19bd28c3f1b"
"checksum time 0.1.40 (registry+https://github.com/rust-lang/crates.io-index)" = "d825be0eb33fda1a7e68012d51e9c7f451dc1a69391e7fdc197060bb8c56667b"
"checksum toml 0.4.6 (registry+https://github.com/rust-lang/crates.io-index)" = "a0263c6c02c4db6c8f7681f9fd35e90de799ebd4cfdeab77a38f4ff6b3d8c0d9"
"checksum unicode-xid 0.1.0 (registry+https://github.com/rust-lang/crates.io-index)" = "fc72304796d0818e357ead4e000d19c9c174ab23dc11093ac919054d20a6a7fc"
"checksum version_check 0.1.4 (registry+https://github.com/rust-lang/crates.io-index)" = "7716c242968ee87e5542f8021178248f267f295a5c4803beae8b8b7fd9bc6051"
"checksum void 1.0.2 (registry+https://github.com/rust-lang/crates.io-index)" = "6a02e4885ed3bc0f2de90ea6dd45ebcbb66dacffe03547fadbb0eeae2770887d"
"checksum winapi 0.3.5 (registry+https://github.com/rust-lang/crates.io-index)" = "773ef9dcc5f24b7d850d0ff101e542ff24c3b090a9768e03ff889fdef41f00fd"
"checksum winapi-i686-pc-windows-gnu 0.4.0 (registry+https://github.com/rust-lang/crates.io-index)" = "ac3b87c63620426dd9b991e5ce0329eff545bccbbb34f3be09ff6fb6ab51b7b6"
"checksum winapi-x86_64-pc-windows-gnu 0.4.0 (registry+https://github.com/rust-lang/crates.io-index)" = "712e227841d057c1ee1cd2fb22fa7e5a5461ae8e48fa2ca79ec42cfc1931183f"
"checksum wincolor 0.1.6 (registry+https://github.com/rust-lang/crates.io-index)" = "eeb06499a3a4d44302791052df005d5232b927ed1a9658146d842165c4de7767"
"checksum x11 2.18.1 (registry+https://github.com/rust-lang/crates.io-index)" = "39697e3123f715483d311b5826e254b6f3cfebdd83cf7ef3358f579c3d68e235"
